{
  "object": {
    "pins": [
      {
        "package": "Realm",
        "repositoryURL": "https://github.com/realm/realm-cocoa.git",
        "state": {
          "branch": "master",
          "revision": "fbc3a76412f58f43932723647052dedccf9f6bc4",
          "version": null
        }
      },
      {
        "package": "RealmCore",
        "repositoryURL": "https://github.com/realm/realm-core",
        "state": {
          "branch": null,
          "revision": "512dfaa4f59930e193c92e00ba1924bde69b19de",
          "version": "5.23.5"
        }
      }
    ]
  },
  "version": 1
}
