// !$*UTF8*$!
{
	archiveVersion = 1;
	classes = {
	};
	objectVersion = 48;
	objects = {

/* Begin PBXBuildFile section */
		06DF6547C9AD0C4DAE458BD6 /* Pods_Routines.framework in Frameworks */ = {isa = PBXBuildFile; fileRef = 572EB0D39593DFD9CE92CFA1 /* Pods_Routines.framework */; };
		F807D3CD216073E300FF36D9 /* Options.swift in Sources */ = {isa = PBXBuildFile; fileRef = F807D3CC216073E300FF36D9 /* Options.swift */; };
		F807D3CF2160964E00FF36D9 /* OptionsTableViewController.swift in Sources */ = {isa = PBXBuildFile; fileRef = F807D3CE2160964E00FF36D9 /* OptionsTableViewController.swift */; };
		F807D3D12160A05600FF36D9 /* CustomTimesTableViewController.swift in Sources */ = {isa = PBXBuildFile; fileRef = F807D3D02160A05600FF36D9 /* CustomTimesTableViewController.swift */; };
		F8125CCA215F56E700ED3FA6 /* SwipeTableViewController.swift in Sources */ = {isa = PBXBuildFile; fileRef = F8125CC9215F56E700ED3FA6 /* SwipeTableViewController.swift */; };
		F816DB342155CFBA009C6907 /* TableViewController.swift in Sources */ = {isa = PBXBuildFile; fileRef = F816DB332155CFBA009C6907 /* TableViewController.swift */; };
		F82770D321585D3000420C50 /* AddTableViewController.swift in Sources */ = {isa = PBXBuildFile; fileRef = F82770D221585D3000420C50 /* AddTableViewController.swift */; };
		F83D84E02162E14A00CFC32C /* TopTabBar.swift in Sources */ = {isa = PBXBuildFile; fileRef = F83D84DF2162E14A00CFC32C /* TopTabBar.swift */; };
		F8B831B82155CBB000DAF60E /* AppDelegate.swift in Sources */ = {isa = PBXBuildFile; fileRef = F8B831B72155CBB000DAF60E /* AppDelegate.swift */; };
		F8B831BD2155CBB000DAF60E /* Main.storyboard in Resources */ = {isa = PBXBuildFile; fileRef = F8B831BB2155CBB000DAF60E /* Main.storyboard */; };
		F8B831C22155CBB100DAF60E /* LaunchScreen.storyboard in Resources */ = {isa = PBXBuildFile; fileRef = F8B831C02155CBB100DAF60E /* LaunchScreen.storyboard */; };
		F8B831CD2155CBE300DAF60E /* Items.swift in Sources */ = {isa = PBXBuildFile; fileRef = F8B831CC2155CBE300DAF60E /* Items.swift */; };
		F8F3270E215C8509004AC619 /* Media.xcassets in Resources */ = {isa = PBXBuildFile; fileRef = F8F3270D215C8509004AC619 /* Media.xcassets */; };
/* End PBXBuildFile section */

/* Begin PBXFileReference section */
		572EB0D39593DFD9CE92CFA1 /* Pods_Routines.framework */ = {isa = PBXFileReference; explicitFileType = wrapper.framework; includeInIndex = 0; path = Pods_Routines.framework; sourceTree = BUILT_PRODUCTS_DIR; };
		9972F6664CBC7F769D3B0AA1 /* Pods-Routines.debug.xcconfig */ = {isa = PBXFileReference; includeInIndex = 1; lastKnownFileType = text.xcconfig; name = "Pods-Routines.debug.xcconfig"; path = "Pods/Target Support Files/Pods-Routines/Pods-Routines.debug.xcconfig"; sourceTree = "<group>"; };
		E8C0A730970844B9835C2B2D /* Pods-Routines.release.xcconfig */ = {isa = PBXFileReference; includeInIndex = 1; lastKnownFileType = text.xcconfig; name = "Pods-Routines.release.xcconfig"; path = "Pods/Target Support Files/Pods-Routines/Pods-Routines.release.xcconfig"; sourceTree = "<group>"; };
		F807D3CC216073E300FF36D9 /* Options.swift */ = {isa = PBXFileReference; lastKnownFileType = sourcecode.swift; path = Options.swift; sourceTree = "<group>"; };
		F807D3CE2160964E00FF36D9 /* OptionsTableViewController.swift */ = {isa = PBXFileReference; lastKnownFileType = sourcecode.swift; path = OptionsTableViewController.swift; sourceTree = "<group>"; };
		F807D3D02160A05600FF36D9 /* CustomTimesTableViewController.swift */ = {isa = PBXFileReference; lastKnownFileType = sourcecode.swift; path = CustomTimesTableViewController.swift; sourceTree = "<group>"; };
		F8125CC9215F56E700ED3FA6 /* SwipeTableViewController.swift */ = {isa = PBXFileReference; lastKnownFileType = sourcecode.swift; path = SwipeTableViewController.swift; sourceTree = "<group>"; };
		F816DB332155CFBA009C6907 /* TableViewController.swift */ = {isa = PBXFileReference; lastKnownFileType = sourcecode.swift; path = TableViewController.swift; sourceTree = "<group>"; };
		F82770D221585D3000420C50 /* AddTableViewController.swift */ = {isa = PBXFileReference; lastKnownFileType = sourcecode.swift; path = AddTableViewController.swift; sourceTree = "<group>"; };
		F83D84DF2162E14A00CFC32C /* TopTabBar.swift */ = {isa = PBXFileReference; lastKnownFileType = sourcecode.swift; path = TopTabBar.swift; sourceTree = "<group>"; };
		F8B831B42155CBB000DAF60E /* Routines.app */ = {isa = PBXFileReference; explicitFileType = wrapper.application; includeInIndex = 0; path = Routines.app; sourceTree = BUILT_PRODUCTS_DIR; };
		F8B831B72155CBB000DAF60E /* AppDelegate.swift */ = {isa = PBXFileReference; lastKnownFileType = sourcecode.swift; path = AppDelegate.swift; sourceTree = "<group>"; };
		F8B831BC2155CBB000DAF60E /* Base */ = {isa = PBXFileReference; lastKnownFileType = file.storyboard; name = Base; path = Base.lproj/Main.storyboard; sourceTree = "<group>"; };
		F8B831C12155CBB100DAF60E /* Base */ = {isa = PBXFileReference; lastKnownFileType = file.storyboard; name = Base; path = Base.lproj/LaunchScreen.storyboard; sourceTree = "<group>"; };
		F8B831C32155CBB100DAF60E /* Info.plist */ = {isa = PBXFileReference; lastKnownFileType = text.plist.xml; path = Info.plist; sourceTree = "<group>"; };
		F8B831CC2155CBE300DAF60E /* Items.swift */ = {isa = PBXFileReference; lastKnownFileType = sourcecode.swift; path = Items.swift; sourceTree = "<group>"; };
		F8F3270D215C8509004AC619 /* Media.xcassets */ = {isa = PBXFileReference; lastKnownFileType = folder.assetcatalog; path = Media.xcassets; sourceTree = "<group>"; };
/* End PBXFileReference section */

/* Begin PBXFrameworksBuildPhase section */
		F8B831B12155CBB000DAF60E /* Frameworks */ = {
			isa = PBXFrameworksBuildPhase;
			buildActionMask = 2147483647;
			files = (
				06DF6547C9AD0C4DAE458BD6 /* Pods_Routines.framework in Frameworks */,
			);
			runOnlyForDeploymentPostprocessing = 0;
		};
/* End PBXFrameworksBuildPhase section */

/* Begin PBXGroup section */
		4CEB676FE1334C01DDF0940C /* Pods */ = {
			isa = PBXGroup;
			children = (
				9972F6664CBC7F769D3B0AA1 /* Pods-Routines.debug.xcconfig */,
				E8C0A730970844B9835C2B2D /* Pods-Routines.release.xcconfig */,
			);
			name = Pods;
			sourceTree = "<group>";
		};
		6049E5BF6B515664E2AA6A8D /* Frameworks */ = {
			isa = PBXGroup;
			children = (
				572EB0D39593DFD9CE92CFA1 /* Pods_Routines.framework */,
			);
			name = Frameworks;
			sourceTree = "<group>";
		};
		F807D3D22160A06600FF36D9 /* Options */ = {
			isa = PBXGroup;
			children = (
				F807D3CE2160964E00FF36D9 /* OptionsTableViewController.swift */,
				F807D3D02160A05600FF36D9 /* CustomTimesTableViewController.swift */,
			);
			path = Options;
			sourceTree = "<group>";
		};
		F8B831AB2155CBB000DAF60E = {
			isa = PBXGroup;
			children = (
				F8B831B62155CBB000DAF60E /* Routines */,
				F8B831B52155CBB000DAF60E /* Products */,
				4CEB676FE1334C01DDF0940C /* Pods */,
				6049E5BF6B515664E2AA6A8D /* Frameworks */,
			);
			sourceTree = "<group>";
		};
		F8B831B52155CBB000DAF60E /* Products */ = {
			isa = PBXGroup;
			children = (
				F8B831B42155CBB000DAF60E /* Routines.app */,
			);
			name = Products;
			sourceTree = "<group>";
		};
		F8B831B62155CBB000DAF60E /* Routines */ = {
			isa = PBXGroup;
			children = (
				F8B831B72155CBB000DAF60E /* AppDelegate.swift */,
				F8B831CB2155CBD000DAF60E /* Models */,
				F8B831C92155CBBD00DAF60E /* Controllers */,
				F8B831CA2155CBC700DAF60E /* Views */,
				F8B831C02155CBB100DAF60E /* LaunchScreen.storyboard */,
				F8B831C32155CBB100DAF60E /* Info.plist */,
				F8F3270D215C8509004AC619 /* Media.xcassets */,
			);
			path = Routines;
			sourceTree = "<group>";
		};
		F8B831C92155CBBD00DAF60E /* Controllers */ = {
			isa = PBXGroup;
			children = (
				F8125CC9215F56E700ED3FA6 /* SwipeTableViewController.swift */,
				F816DB332155CFBA009C6907 /* TableViewController.swift */,
				F82770D221585D3000420C50 /* AddTableViewController.swift */,
				F807D3D22160A06600FF36D9 /* Options */,
			);
			path = Controllers;
			sourceTree = "<group>";
		};
		F8B831CA2155CBC700DAF60E /* Views */ = {
			isa = PBXGroup;
			children = (
				F8B831BB2155CBB000DAF60E /* Main.storyboard */,
				F83D84DF2162E14A00CFC32C /* TopTabBar.swift */,
			);
			path = Views;
			sourceTree = "<group>";
		};
		F8B831CB2155CBD000DAF60E /* Models */ = {
			isa = PBXGroup;
			children = (
				F8B831CC2155CBE300DAF60E /* Items.swift */,
				F807D3CC216073E300FF36D9 /* Options.swift */,
			);
			path = Models;
			sourceTree = "<group>";
		};
/* End PBXGroup section */

/* Begin PBXNativeTarget section */
		F8B831B32155CBB000DAF60E /* Routines */ = {
			isa = PBXNativeTarget;
			buildConfigurationList = F8B831C62155CBB100DAF60E /* Build configuration list for PBXNativeTarget "Routines" */;
			buildPhases = (
				7C773B1AD7B0648A810FA286 /* [CP] Check Pods Manifest.lock */,
				F8B831B02155CBB000DAF60E /* Sources */,
				F8B831B12155CBB000DAF60E /* Frameworks */,
				F8B831B22155CBB000DAF60E /* Resources */,
				80A03CEEE68C9D7012058DA8 /* [CP] Embed Pods Frameworks */,
			);
			buildRules = (
			);
			dependencies = (
			);
			name = Routines;
			productName = Routines;
			productReference = F8B831B42155CBB000DAF60E /* Routines.app */;
			productType = "com.apple.product-type.application";
		};
/* End PBXNativeTarget section */

/* Begin PBXProject section */
		F8B831AC2155CBB000DAF60E /* Project object */ = {
			isa = PBXProject;
			attributes = {
				LastSwiftUpdateCheck = 1000;
				LastUpgradeCheck = 1000;
				ORGANIZATIONNAME = "Donavon Buchanan";
				TargetAttributes = {
					F8B831B32155CBB000DAF60E = {
						CreatedOnToolsVersion = 10.0;
						ProvisioningStyle = Automatic;
					};
				};
			};
			buildConfigurationList = F8B831AF2155CBB000DAF60E /* Build configuration list for PBXProject "Routines" */;
			compatibilityVersion = "Xcode 8.0";
			developmentRegion = en;
			hasScannedForEncodings = 0;
			knownRegions = (
				en,
				Base,
			);
			mainGroup = F8B831AB2155CBB000DAF60E;
			productRefGroup = F8B831B52155CBB000DAF60E /* Products */;
			projectDirPath = "";
			projectRoot = "";
			targets = (
				F8B831B32155CBB000DAF60E /* Routines */,
			);
		};
/* End PBXProject section */

/* Begin PBXResourcesBuildPhase section */
		F8B831B22155CBB000DAF60E /* Resources */ = {
			isa = PBXResourcesBuildPhase;
			buildActionMask = 2147483647;
			files = (
				F8B831C22155CBB100DAF60E /* LaunchScreen.storyboard in Resources */,
				F8F3270E215C8509004AC619 /* Media.xcassets in Resources */,
				F8B831BD2155CBB000DAF60E /* Main.storyboard in Resources */,
			);
			runOnlyForDeploymentPostprocessing = 0;
		};
/* End PBXResourcesBuildPhase section */

/* Begin PBXShellScriptBuildPhase section */
		7C773B1AD7B0648A810FA286 /* [CP] Check Pods Manifest.lock */ = {
			isa = PBXShellScriptBuildPhase;
			buildActionMask = 2147483647;
			files = (
			);
			inputPaths = (
				"${PODS_PODFILE_DIR_PATH}/Podfile.lock",
				"${PODS_ROOT}/Manifest.lock",
			);
			name = "[CP] Check Pods Manifest.lock";
			outputPaths = (
				"$(DERIVED_FILE_DIR)/Pods-Routines-checkManifestLockResult.txt",
			);
			runOnlyForDeploymentPostprocessing = 0;
			shellPath = /bin/sh;
			shellScript = "diff \"${PODS_PODFILE_DIR_PATH}/Podfile.lock\" \"${PODS_ROOT}/Manifest.lock\" > /dev/null\nif [ $? != 0 ] ; then\n    # print error to STDERR\n    echo \"error: The sandbox is not in sync with the Podfile.lock. Run 'pod install' or update your CocoaPods installation.\" >&2\n    exit 1\nfi\n# This output is used by Xcode 'outputs' to avoid re-running this script phase.\necho \"SUCCESS\" > \"${SCRIPT_OUTPUT_FILE_0}\"\n";
			showEnvVarsInLog = 0;
		};
		80A03CEEE68C9D7012058DA8 /* [CP] Embed Pods Frameworks */ = {
			isa = PBXShellScriptBuildPhase;
			buildActionMask = 2147483647;
			files = (
			);
			inputPaths = (
				"${SRCROOT}/Pods/Target Support Files/Pods-Routines/Pods-Routines-frameworks.sh",
				"${BUILT_PRODUCTS_DIR}/Realm/Realm.framework",
				"${BUILT_PRODUCTS_DIR}/RealmSwift/RealmSwift.framework",
				"${BUILT_PRODUCTS_DIR}/SwipeCellKit/SwipeCellKit.framework",
			);
			name = "[CP] Embed Pods Frameworks";
			outputPaths = (
				"${TARGET_BUILD_DIR}/${FRAMEWORKS_FOLDER_PATH}/Realm.framework",
				"${TARGET_BUILD_DIR}/${FRAMEWORKS_FOLDER_PATH}/RealmSwift.framework",
				"${TARGET_BUILD_DIR}/${FRAMEWORKS_FOLDER_PATH}/SwipeCellKit.framework",
			);
			runOnlyForDeploymentPostprocessing = 0;
			shellPath = /bin/sh;
			shellScript = "\"${SRCROOT}/Pods/Target Support Files/Pods-Routines/Pods-Routines-frameworks.sh\"\n";
			showEnvVarsInLog = 0;
		};
/* End PBXShellScriptBuildPhase section */

/* Begin PBXSourcesBuildPhase section */
		F8B831B02155CBB000DAF60E /* Sources */ = {
			isa = PBXSourcesBuildPhase;
			buildActionMask = 2147483647;
			files = (
				F8B831CD2155CBE300DAF60E /* Items.swift in Sources */,
				F8B831B82155CBB000DAF60E /* AppDelegate.swift in Sources */,
				F816DB342155CFBA009C6907 /* TableViewController.swift in Sources */,
				F807D3D12160A05600FF36D9 /* CustomTimesTableViewController.swift in Sources */,
				F82770D321585D3000420C50 /* AddTableViewController.swift in Sources */,
				F83D84E02162E14A00CFC32C /* TopTabBar.swift in Sources */,
				F807D3CF2160964E00FF36D9 /* OptionsTableViewController.swift in Sources */,
				F807D3CD216073E300FF36D9 /* Options.swift in Sources */,
				F8125CCA215F56E700ED3FA6 /* SwipeTableViewController.swift in Sources */,
			);
			runOnlyForDeploymentPostprocessing = 0;
		};
/* End PBXSourcesBuildPhase section */

/* Begin PBXVariantGroup section */
		F8B831BB2155CBB000DAF60E /* Main.storyboard */ = {
			isa = PBXVariantGroup;
			children = (
				F8B831BC2155CBB000DAF60E /* Base */,
			);
			name = Main.storyboard;
			sourceTree = "<group>";
		};
		F8B831C02155CBB100DAF60E /* LaunchScreen.storyboard */ = {
			isa = PBXVariantGroup;
			children = (
				F8B831C12155CBB100DAF60E /* Base */,
			);
			name = LaunchScreen.storyboard;
			sourceTree = "<group>";
		};
/* End PBXVariantGroup section */

/* Begin XCBuildConfiguration section */
		F8B831C42155CBB100DAF60E /* Debug */ = {
			isa = XCBuildConfiguration;
			buildSettings = {
				ALWAYS_SEARCH_USER_PATHS = NO;
				CLANG_ANALYZER_NONNULL = YES;
				CLANG_ANALYZER_NUMBER_OBJECT_CONVERSION = YES_AGGRESSIVE;
				CLANG_CXX_LANGUAGE_STANDARD = "gnu++14";
				CLANG_CXX_LIBRARY = "libc++";
				CLANG_ENABLE_MODULES = YES;
				CLANG_ENABLE_OBJC_ARC = YES;
				CLANG_ENABLE_OBJC_WEAK = YES;
				CLANG_WARN_BLOCK_CAPTURE_AUTORELEASING = YES;
				CLANG_WARN_BOOL_CONVERSION = YES;
				CLANG_WARN_COMMA = YES;
				CLANG_WARN_CONSTANT_CONVERSION = YES;
				CLANG_WARN_DEPRECATED_OBJC_IMPLEMENTATIONS = YES;
				CLANG_WARN_DIRECT_OBJC_ISA_USAGE = YES_ERROR;
				CLANG_WARN_DOCUMENTATION_COMMENTS = YES;
				CLANG_WARN_EMPTY_BODY = YES;
				CLANG_WARN_ENUM_CONVERSION = YES;
				CLANG_WARN_INFINITE_RECURSION = YES;
				CLANG_WARN_INT_CONVERSION = YES;
				CLANG_WARN_NON_LITERAL_NULL_CONVERSION = YES;
				CLANG_WARN_OBJC_IMPLICIT_RETAIN_SELF = YES;
				CLANG_WARN_OBJC_LITERAL_CONVERSION = YES;
				CLANG_WARN_OBJC_ROOT_CLASS = YES_ERROR;
				CLANG_WARN_RANGE_LOOP_ANALYSIS = YES;
				CLANG_WARN_STRICT_PROTOTYPES = YES;
				CLANG_WARN_SUSPICIOUS_MOVE = YES;
				CLANG_WARN_UNGUARDED_AVAILABILITY = YES_AGGRESSIVE;
				CLANG_WARN_UNREACHABLE_CODE = YES;
				CLANG_WARN__DUPLICATE_METHOD_MATCH = YES;
				CODE_SIGN_IDENTITY = "iPhone Developer";
				COPY_PHASE_STRIP = NO;
				DEBUG_INFORMATION_FORMAT = dwarf;
				ENABLE_STRICT_OBJC_MSGSEND = YES;
				ENABLE_TESTABILITY = YES;
				GCC_C_LANGUAGE_STANDARD = gnu11;
				GCC_DYNAMIC_NO_PIC = NO;
				GCC_NO_COMMON_BLOCKS = YES;
				GCC_OPTIMIZATION_LEVEL = 0;
				GCC_PREPROCESSOR_DEFINITIONS = (
					"DEBUG=1",
					"$(inherited)",
				);
				GCC_WARN_64_TO_32_BIT_CONVERSION = YES;
				GCC_WARN_ABOUT_RETURN_TYPE = YES_ERROR;
				GCC_WARN_UNDECLARED_SELECTOR = YES;
				GCC_WARN_UNINITIALIZED_AUTOS = YES_AGGRESSIVE;
				GCC_WARN_UNUSED_FUNCTION = YES;
				GCC_WARN_UNUSED_VARIABLE = YES;
				IPHONEOS_DEPLOYMENT_TARGET = 12.0;
				MTL_ENABLE_DEBUG_INFO = INCLUDE_SOURCE;
				MTL_FAST_MATH = YES;
				ONLY_ACTIVE_ARCH = YES;
				SDKROOT = iphoneos;
				SWIFT_ACTIVE_COMPILATION_CONDITIONS = DEBUG;
				SWIFT_OPTIMIZATION_LEVEL = "-Onone";
			};
			name = Debug;
		};
		F8B831C52155CBB100DAF60E /* Release */ = {
			isa = XCBuildConfiguration;
			buildSettings = {
				ALWAYS_SEARCH_USER_PATHS = NO;
				CLANG_ANALYZER_NONNULL = YES;
				CLANG_ANALYZER_NUMBER_OBJECT_CONVERSION = YES_AGGRESSIVE;
				CLANG_CXX_LANGUAGE_STANDARD = "gnu++14";
				CLANG_CXX_LIBRARY = "libc++";
				CLANG_ENABLE_MODULES = YES;
				CLANG_ENABLE_OBJC_ARC = YES;
				CLANG_ENABLE_OBJC_WEAK = YES;
				CLANG_WARN_BLOCK_CAPTURE_AUTORELEASING = YES;
				CLANG_WARN_BOOL_CONVERSION = YES;
				CLANG_WARN_COMMA = YES;
				CLANG_WARN_CONSTANT_CONVERSION = YES;
				CLANG_WARN_DEPRECATED_OBJC_IMPLEMENTATIONS = YES;
				CLANG_WARN_DIRECT_OBJC_ISA_USAGE = YES_ERROR;
				CLANG_WARN_DOCUMENTATION_COMMENTS = YES;
				CLANG_WARN_EMPTY_BODY = YES;
				CLANG_WARN_ENUM_CONVERSION = YES;
				CLANG_WARN_INFINITE_RECURSION = YES;
				CLANG_WARN_INT_CONVERSION = YES;
				CLANG_WARN_NON_LITERAL_NULL_CONVERSION = YES;
				CLANG_WARN_OBJC_IMPLICIT_RETAIN_SELF = YES;
				CLANG_WARN_OBJC_LITERAL_CONVERSION = YES;
				CLANG_WARN_OBJC_ROOT_CLASS = YES_ERROR;
				CLANG_WARN_RANGE_LOOP_ANALYSIS = YES;
				CLANG_WARN_STRICT_PROTOTYPES = YES;
				CLANG_WARN_SUSPICIOUS_MOVE = YES;
				CLANG_WARN_UNGUARDED_AVAILABILITY = YES_AGGRESSIVE;
				CLANG_WARN_UNREACHABLE_CODE = YES;
				CLANG_WARN__DUPLICATE_METHOD_MATCH = YES;
				CODE_SIGN_IDENTITY = "iPhone Developer";
				COPY_PHASE_STRIP = NO;
				DEBUG_INFORMATION_FORMAT = "dwarf-with-dsym";
				ENABLE_NS_ASSERTIONS = NO;
				ENABLE_STRICT_OBJC_MSGSEND = YES;
				GCC_C_LANGUAGE_STANDARD = gnu11;
				GCC_NO_COMMON_BLOCKS = YES;
				GCC_WARN_64_TO_32_BIT_CONVERSION = YES;
				GCC_WARN_ABOUT_RETURN_TYPE = YES_ERROR;
				GCC_WARN_UNDECLARED_SELECTOR = YES;
				GCC_WARN_UNINITIALIZED_AUTOS = YES_AGGRESSIVE;
				GCC_WARN_UNUSED_FUNCTION = YES;
				GCC_WARN_UNUSED_VARIABLE = YES;
				IPHONEOS_DEPLOYMENT_TARGET = 12.0;
				MTL_ENABLE_DEBUG_INFO = NO;
				MTL_FAST_MATH = YES;
				SDKROOT = iphoneos;
				SWIFT_OPTIMIZATION_LEVEL = "-Owholemodule";
				VALIDATE_PRODUCT = YES;
			};
			name = Release;
		};
		F8B831C72155CBB100DAF60E /* Debug */ = {
			isa = XCBuildConfiguration;
			baseConfigurationReference = 9972F6664CBC7F769D3B0AA1 /* Pods-Routines.debug.xcconfig */;
			buildSettings = {
				ASSETCATALOG_COMPILER_APPICON_NAME = AppIcon;
				CODE_SIGN_STYLE = Automatic;
				DEVELOPMENT_TEAM = G8WL98TTBE;
				INFOPLIST_FILE = Routines/Info.plist;
				IPHONEOS_DEPLOYMENT_TARGET = 10.0;
				LD_RUNPATH_SEARCH_PATHS = "$(inherited) @executable_path/Frameworks";
				PRODUCT_BUNDLE_IDENTIFIER = com.donavonbuchanan.Routines;
				PRODUCT_NAME = "$(TARGET_NAME)";
				SWIFT_VERSION = 4.2;
				TARGETED_DEVICE_FAMILY = 1;
			};
			name = Debug;
		};
		F8B831C82155CBB100DAF60E /* Release */ = {
			isa = XCBuildConfiguration;
			baseConfigurationReference = E8C0A730970844B9835C2B2D /* Pods-Routines.release.xcconfig */;
			buildSettings = {
				ASSETCATALOG_COMPILER_APPICON_NAME = AppIcon;
				CODE_SIGN_STYLE = Automatic;
				DEVELOPMENT_TEAM = G8WL98TTBE;
				INFOPLIST_FILE = Routines/Info.plist;
				IPHONEOS_DEPLOYMENT_TARGET = 10.0;
				LD_RUNPATH_SEARCH_PATHS = "$(inherited) @executable_path/Frameworks";
				PRODUCT_BUNDLE_IDENTIFIER = com.donavonbuchanan.Routines;
				PRODUCT_NAME = "$(TARGET_NAME)";
				SWIFT_VERSION = 4.2;
				TARGETED_DEVICE_FAMILY = 1;
			};
			name = Release;
		};
/* End XCBuildConfiguration section */

/* Begin XCConfigurationList section */
		F8B831AF2155CBB000DAF60E /* Build configuration list for PBXProject "Routines" */ = {
			isa = XCConfigurationList;
			buildConfigurations = (
				F8B831C42155CBB100DAF60E /* Debug */,
				F8B831C52155CBB100DAF60E /* Release */,
			);
			defaultConfigurationIsVisible = 0;
			defaultConfigurationName = Release;
		};
		F8B831C62155CBB100DAF60E /* Build configuration list for PBXNativeTarget "Routines" */ = {
			isa = XCConfigurationList;
			buildConfigurations = (
				F8B831C72155CBB100DAF60E /* Debug */,
				F8B831C82155CBB100DAF60E /* Release */,
			);
			defaultConfigurationIsVisible = 0;
			defaultConfigurationName = Release;
		};
/* End XCConfigurationList section */
	};
	rootObject = F8B831AC2155CBB000DAF60E /* Project object */;
}
