// !$*UTF8*$!
{
	archiveVersion = 1;
	classes = {
	};
	objectVersion = 48;
	objects = {

/* Begin PBXBuildFile section */
		48F3D6D2511848713C7E22B4 /* Pods_Routines.framework in Frameworks */ = {isa = PBXBuildFile; fileRef = 44177D9A47DC4A4891DA7C33 /* Pods_Routines.framework */; };
		F802FC982254C3E10054CF22 /* CloudKit.framework in Frameworks */ = {isa = PBXBuildFile; fileRef = F802FC972254C3E10054CF22 /* CloudKit.framework */; };
		F807D3CD216073E300FF36D9 /* Options.swift in Sources */ = {isa = PBXBuildFile; fileRef = F807D3CC216073E300FF36D9 /* Options.swift */; };
		F807D3CF2160964E00FF36D9 /* OptionsTableViewController.swift in Sources */ = {isa = PBXBuildFile; fileRef = F807D3CE2160964E00FF36D9 /* OptionsTableViewController.swift */; };
		F807D3D12160A05600FF36D9 /* CustomTimesTableViewController.swift in Sources */ = {isa = PBXBuildFile; fileRef = F807D3D02160A05600FF36D9 /* CustomTimesTableViewController.swift */; };
		F81194F72267D8E0002E8E7A /* StoreKit.framework in Frameworks */ = {isa = PBXBuildFile; fileRef = F81194F62267D8E0002E8E7A /* StoreKit.framework */; };
		F81194FB2267F875002E8E7A /* SKProductPriceExtension.swift in Sources */ = {isa = PBXBuildFile; fileRef = F81194FA2267F875002E8E7A /* SKProductPriceExtension.swift */; };
		F81224C8229417E400AEED90 /* SimulatorData.swift in Sources */ = {isa = PBXBuildFile; fileRef = F81224C7229417E400AEED90 /* SimulatorData.swift */; };
		F816DB342155CFBA009C6907 /* TaskTableViewController.swift in Sources */ = {isa = PBXBuildFile; fileRef = F816DB332155CFBA009C6907 /* TaskTableViewController.swift */; };
		F82770D321585D3000420C50 /* AddTableViewController.swift in Sources */ = {isa = PBXBuildFile; fileRef = F82770D221585D3000420C50 /* AddTableViewController.swift */; };
		F8352C53227F9EC000FEDBC4 /* AutomaticDarkModeTableViewController.swift in Sources */ = {isa = PBXBuildFile; fileRef = F8352C52227F9EC000FEDBC4 /* AutomaticDarkModeTableViewController.swift */; };
		F85D2A8A227036CF009CE6CE /* RoutinesPlusViewController.swift in Sources */ = {isa = PBXBuildFile; fileRef = F85D2A89227036CF009CE6CE /* RoutinesPlusViewController.swift */; };
		F85D2A8C22703892009CE6CE /* iAPSegue.swift in Sources */ = {isa = PBXBuildFile; fileRef = F85D2A8B22703892009CE6CE /* iAPSegue.swift */; };
		F86E0AC22297FA5400BB53D6 /* RoutinesUITests.swift in Sources */ = {isa = PBXBuildFile; fileRef = F86E0AC12297FA5400BB53D6 /* RoutinesUITests.swift */; };
		F86E0ACA2297FAA400BB53D6 /* SnapshotHelper.swift in Sources */ = {isa = PBXBuildFile; fileRef = F8A9B0A222842BC20043E43A /* SnapshotHelper.swift */; };
		F896D96F22802E5B0005C899 /* AutomaticDarkModeTimer.swift in Sources */ = {isa = PBXBuildFile; fileRef = F896D96E22802E5B0005C899 /* AutomaticDarkModeTimer.swift */; };
		F8A8B2E2228356F9005C9E56 /* AfterSyncTimer.swift in Sources */ = {isa = PBXBuildFile; fileRef = F8A8B2E1228356F9005C9E56 /* AfterSyncTimer.swift */; };
		F8AC82DF2198B4CD00E946E6 /* DateExtension.swift in Sources */ = {isa = PBXBuildFile; fileRef = F8AC82DE2198B4CD00E946E6 /* DateExtension.swift */; };
		F8ACD4642269F89100E136E9 /* IAPHandler.swift in Sources */ = {isa = PBXBuildFile; fileRef = F8ACD4632269F89100E136E9 /* IAPHandler.swift */; };
		F8B30787219C0DAB00437AAA /* Themes.swift in Sources */ = {isa = PBXBuildFile; fileRef = F8B30786219C0DAB00437AAA /* Themes.swift */; };
		F8B30789219C13B500437AAA /* GlobalPicker.swift in Sources */ = {isa = PBXBuildFile; fileRef = F8B30788219C13B500437AAA /* GlobalPicker.swift */; };
		F8B5B7D52286C0ED0024FC2B /* SwiftMessagesAlertsController.swift in Sources */ = {isa = PBXBuildFile; fileRef = F8B5B7D42286C0ED0024FC2B /* SwiftMessagesAlertsController.swift */; };
		F8B831B82155CBB000DAF60E /* AppDelegate.swift in Sources */ = {isa = PBXBuildFile; fileRef = F8B831B72155CBB000DAF60E /* AppDelegate.swift */; };
		F8B831BD2155CBB000DAF60E /* Main.storyboard in Resources */ = {isa = PBXBuildFile; fileRef = F8B831BB2155CBB000DAF60E /* Main.storyboard */; };
		F8B831C22155CBB100DAF60E /* LaunchScreen.storyboard in Resources */ = {isa = PBXBuildFile; fileRef = F8B831C02155CBB100DAF60E /* LaunchScreen.storyboard */; };
		F8B831CD2155CBE300DAF60E /* Items.swift in Sources */ = {isa = PBXBuildFile; fileRef = F8B831CC2155CBE300DAF60E /* Items.swift */; };
		F8BB9998229A79D300E14A74 /* SectionedNotificationTokenBlock.swift in Sources */ = {isa = PBXBuildFile; fileRef = F8BB9997229A79D300E14A74 /* SectionedNotificationTokenBlock.swift */; };
		F8C3EC98228D673F0027AFEB /* UIImageExtension.swift in Sources */ = {isa = PBXBuildFile; fileRef = F8C3EC97228D673F0027AFEB /* UIImageExtension.swift */; };
		F8CBBA5721A9058D00A4FFFD /* TaskTableViewCell.swift in Sources */ = {isa = PBXBuildFile; fileRef = F8CBBA5621A9058D00A4FFFD /* TaskTableViewCell.swift */; };
		F8CBBA5921A93EB600A4FFFD /* RepeatTableViewController.swift in Sources */ = {isa = PBXBuildFile; fileRef = F8CBBA5821A93EB600A4FFFD /* RepeatTableViewController.swift */; };
		F8CCE20D2288E17E00BAAFEC /* RoutinesPlus.swift in Sources */ = {isa = PBXBuildFile; fileRef = F8CCE20C2288E17E00BAAFEC /* RoutinesPlus.swift */; };
		F8CE29C622714E9A00CD9BAE /* UIColorExtensions.swift in Sources */ = {isa = PBXBuildFile; fileRef = F8CE29C522714E9A00CD9BAE /* UIColorExtensions.swift */; };
		F8D5DB492269AC59005857F2 /* NetworkActivityIndicatorManager.swift in Sources */ = {isa = PBXBuildFile; fileRef = F8D5DB482269AC59005857F2 /* NetworkActivityIndicatorManager.swift */; };
		F8D5DB532269BCAD005857F2 /* ViewControllerExtension.swift in Sources */ = {isa = PBXBuildFile; fileRef = F8D5DB522269BCAD005857F2 /* ViewControllerExtension.swift */; };
		F8DAE74C21E1576E00014994 /* DailyTableViewController.swift in Sources */ = {isa = PBXBuildFile; fileRef = F8DAE74B21E1576E00014994 /* DailyTableViewController.swift */; };
		F8E031862269C410002C2E32 /* AppStrings.swift in Sources */ = {isa = PBXBuildFile; fileRef = F8E031852269C410002C2E32 /* AppStrings.swift */; };
		F8F2784E2187C36300D2AC46 /* AboutTableViewController.swift in Sources */ = {isa = PBXBuildFile; fileRef = F8F2784D2187C36300D2AC46 /* AboutTableViewController.swift */; };
		F8F278502187C82B00D2AC46 /* AboutTableViewCell.swift in Sources */ = {isa = PBXBuildFile; fileRef = F8F2784F2187C82B00D2AC46 /* AboutTableViewCell.swift */; };
		F8F3270E215C8509004AC619 /* Media.xcassets in Resources */ = {isa = PBXBuildFile; fileRef = F8F3270D215C8509004AC619 /* Media.xcassets */; };
		F8FE52202296929000929DA3 /* AppSecrets.swift in Sources */ = {isa = PBXBuildFile; fileRef = F87D49EE2269AA1700845E0D /* AppSecrets.swift */; };
		F8FF25A922085A2C0063295F /* Realm.framework in Frameworks */ = {isa = PBXBuildFile; fileRef = F8FF259E22085A180063295F /* Realm.framework */; };
		F8FF25AA22085A2C0063295F /* RealmSwift.framework in Frameworks */ = {isa = PBXBuildFile; fileRef = F8FF25A022085A180063295F /* RealmSwift.framework */; };
		F8FF25AB22085A2C0063295F /* SwiftMessages.framework in Frameworks */ = {isa = PBXBuildFile; fileRef = F8FF25A222085A180063295F /* SwiftMessages.framework */; };
		F8FF25AC22085A2C0063295F /* SwiftTheme.framework in Frameworks */ = {isa = PBXBuildFile; fileRef = F8FF25A622085A180063295F /* SwiftTheme.framework */; };
/* End PBXBuildFile section */

/* Begin PBXContainerItemProxy section */
		F8227D09225B1CF9005AE175 /* PBXContainerItemProxy */ = {
			isa = PBXContainerItemProxy;
			containerPortal = F8FF259122085A180063295F /* Pods.xcodeproj */;
			proxyType = 2;
			remoteGlobalIDString = 0E11D5875359CFA4E1ED1E1C803B79CF;
			remoteInfo = IceCream;
		};
		F86E0AC42297FA5400BB53D6 /* PBXContainerItemProxy */ = {
			isa = PBXContainerItemProxy;
			containerPortal = F8B831AC2155CBB000DAF60E /* Project object */;
			proxyType = 1;
			remoteGlobalIDString = F8B831B32155CBB000DAF60E;
			remoteInfo = Routines;
		};
		F87D49F82269AA1800845E0D /* PBXContainerItemProxy */ = {
			isa = PBXContainerItemProxy;
			containerPortal = F8FF259122085A180063295F /* Pods.xcodeproj */;
			proxyType = 2;
			remoteGlobalIDString = C4319CF22B98F3C6B88F5B6E05F71274;
			remoteInfo = SwiftyStoreKit;
		};
		F8B5C7B7228470C900FA088E /* PBXContainerItemProxy */ = {
			isa = PBXContainerItemProxy;
			containerPortal = F8FF259122085A180063295F /* Pods.xcodeproj */;
			proxyType = 2;
			remoteGlobalIDString = 7D7C69F1A97F463B37AAA34399549117;
			remoteInfo = SimulatorStatusMagic;
		};
		F8FF259B22085A180063295F /* PBXContainerItemProxy */ = {
			isa = PBXContainerItemProxy;
			containerPortal = F8FF259122085A180063295F /* Pods.xcodeproj */;
			proxyType = 2;
			remoteGlobalIDString = E4AD39D175DDB3A04479C7C8221F4757;
			remoteInfo = "Pods-Routines";
		};
		F8FF259D22085A180063295F /* PBXContainerItemProxy */ = {
			isa = PBXContainerItemProxy;
			containerPortal = F8FF259122085A180063295F /* Pods.xcodeproj */;
			proxyType = 2;
			remoteGlobalIDString = 732CF4A20C25AAA821F87200E6520B18;
			remoteInfo = Realm;
		};
		F8FF259F22085A180063295F /* PBXContainerItemProxy */ = {
			isa = PBXContainerItemProxy;
			containerPortal = F8FF259122085A180063295F /* Pods.xcodeproj */;
			proxyType = 2;
			remoteGlobalIDString = 7E091260BCBBED6E2D97E0779D86C933;
			remoteInfo = RealmSwift;
		};
		F8FF25A122085A180063295F /* PBXContainerItemProxy */ = {
			isa = PBXContainerItemProxy;
			containerPortal = F8FF259122085A180063295F /* Pods.xcodeproj */;
			proxyType = 2;
			remoteGlobalIDString = 32BCC1BD8A38CFE9EEEC48552CD2D581;
			remoteInfo = SwiftMessages;
		};
		F8FF25A322085A180063295F /* PBXContainerItemProxy */ = {
			isa = PBXContainerItemProxy;
			containerPortal = F8FF259122085A180063295F /* Pods.xcodeproj */;
			proxyType = 2;
			remoteGlobalIDString = D2B0BEAFECCA953AC2EDE5C9A1005442;
			remoteInfo = "SwiftMessages-SwiftMessages";
		};
		F8FF25A522085A180063295F /* PBXContainerItemProxy */ = {
			isa = PBXContainerItemProxy;
			containerPortal = F8FF259122085A180063295F /* Pods.xcodeproj */;
			proxyType = 2;
			remoteGlobalIDString = B719FD9C3FDC63552DCD36042A62147C;
			remoteInfo = SwiftTheme;
		};
/* End PBXContainerItemProxy section */

/* Begin PBXFileReference section */
		1C4126E717B9FCD14405BD4F /* Pods-Routines.beta.xcconfig */ = {isa = PBXFileReference; includeInIndex = 1; lastKnownFileType = text.xcconfig; name = "Pods-Routines.beta.xcconfig"; path = "Target Support Files/Pods-Routines/Pods-Routines.beta.xcconfig"; sourceTree = "<group>"; };
		32A843A161C46188A77A3338 /* Pods-Routines.release.xcconfig */ = {isa = PBXFileReference; includeInIndex = 1; lastKnownFileType = text.xcconfig; name = "Pods-Routines.release.xcconfig"; path = "Target Support Files/Pods-Routines/Pods-Routines.release.xcconfig"; sourceTree = "<group>"; };
		44177D9A47DC4A4891DA7C33 /* Pods_Routines.framework */ = {isa = PBXFileReference; explicitFileType = wrapper.framework; includeInIndex = 0; path = Pods_Routines.framework; sourceTree = BUILT_PRODUCTS_DIR; };
		7C31E184B7FAFDEB3909195D /* Pods-Routines.debug.xcconfig */ = {isa = PBXFileReference; includeInIndex = 1; lastKnownFileType = text.xcconfig; name = "Pods-Routines.debug.xcconfig"; path = "Target Support Files/Pods-Routines/Pods-Routines.debug.xcconfig"; sourceTree = "<group>"; };
		F802FC962254C3D60054CF22 /* Routines.entitlements */ = {isa = PBXFileReference; lastKnownFileType = text.plist.entitlements; path = Routines.entitlements; sourceTree = "<group>"; };
		F802FC972254C3E10054CF22 /* CloudKit.framework */ = {isa = PBXFileReference; lastKnownFileType = wrapper.framework; name = CloudKit.framework; path = System/Library/Frameworks/CloudKit.framework; sourceTree = SDKROOT; };
		F807D3CC216073E300FF36D9 /* Options.swift */ = {isa = PBXFileReference; lastKnownFileType = sourcecode.swift; path = Options.swift; sourceTree = "<group>"; };
		F807D3CE2160964E00FF36D9 /* OptionsTableViewController.swift */ = {isa = PBXFileReference; lastKnownFileType = sourcecode.swift; path = OptionsTableViewController.swift; sourceTree = "<group>"; };
		F807D3D02160A05600FF36D9 /* CustomTimesTableViewController.swift */ = {isa = PBXFileReference; lastKnownFileType = sourcecode.swift; path = CustomTimesTableViewController.swift; sourceTree = "<group>"; };
		F81194F62267D8E0002E8E7A /* StoreKit.framework */ = {isa = PBXFileReference; lastKnownFileType = wrapper.framework; name = StoreKit.framework; path = System/Library/Frameworks/StoreKit.framework; sourceTree = SDKROOT; };
		F81194FA2267F875002E8E7A /* SKProductPriceExtension.swift */ = {isa = PBXFileReference; lastKnownFileType = sourcecode.swift; path = SKProductPriceExtension.swift; sourceTree = "<group>"; };
		F81224C7229417E400AEED90 /* SimulatorData.swift */ = {isa = PBXFileReference; lastKnownFileType = sourcecode.swift; path = SimulatorData.swift; sourceTree = "<group>"; };
		F816DB332155CFBA009C6907 /* TaskTableViewController.swift */ = {isa = PBXFileReference; lastKnownFileType = sourcecode.swift; lineEnding = 0; path = TaskTableViewController.swift; sourceTree = "<group>"; };
		F82770D221585D3000420C50 /* AddTableViewController.swift */ = {isa = PBXFileReference; lastKnownFileType = sourcecode.swift; path = AddTableViewController.swift; sourceTree = "<group>"; };
		F8352C52227F9EC000FEDBC4 /* AutomaticDarkModeTableViewController.swift */ = {isa = PBXFileReference; lastKnownFileType = sourcecode.swift; path = AutomaticDarkModeTableViewController.swift; sourceTree = "<group>"; };
		F85D2A89227036CF009CE6CE /* RoutinesPlusViewController.swift */ = {isa = PBXFileReference; lastKnownFileType = sourcecode.swift; path = RoutinesPlusViewController.swift; sourceTree = "<group>"; };
		F85D2A8B22703892009CE6CE /* iAPSegue.swift */ = {isa = PBXFileReference; lastKnownFileType = sourcecode.swift; path = iAPSegue.swift; sourceTree = "<group>"; };
		F86E0ABF2297FA5400BB53D6 /* RoutinesUITests.xctest */ = {isa = PBXFileReference; explicitFileType = wrapper.cfbundle; includeInIndex = 0; path = RoutinesUITests.xctest; sourceTree = BUILT_PRODUCTS_DIR; };
		F86E0AC12297FA5400BB53D6 /* RoutinesUITests.swift */ = {isa = PBXFileReference; lastKnownFileType = sourcecode.swift; path = RoutinesUITests.swift; sourceTree = "<group>"; };
		F86E0AC32297FA5400BB53D6 /* Info.plist */ = {isa = PBXFileReference; lastKnownFileType = text.plist.xml; path = Info.plist; sourceTree = "<group>"; };
		F87D49EE2269AA1700845E0D /* AppSecrets.swift */ = {isa = PBXFileReference; lastKnownFileType = sourcecode.swift; path = AppSecrets.swift; sourceTree = "<group>"; };
		F896D96E22802E5B0005C899 /* AutomaticDarkModeTimer.swift */ = {isa = PBXFileReference; lastKnownFileType = sourcecode.swift; path = AutomaticDarkModeTimer.swift; sourceTree = "<group>"; };
		F8A761F022580AB400FB9654 /* CloudKit.framework */ = {isa = PBXFileReference; lastKnownFileType = wrapper.framework; name = CloudKit.framework; path = Platforms/WatchOS.platform/Developer/SDKs/WatchOS5.2.sdk/System/Library/Frameworks/CloudKit.framework; sourceTree = DEVELOPER_DIR; };
		F8A8B2E1228356F9005C9E56 /* AfterSyncTimer.swift */ = {isa = PBXFileReference; lastKnownFileType = sourcecode.swift; path = AfterSyncTimer.swift; sourceTree = "<group>"; };
		F8A9B0A222842BC20043E43A /* SnapshotHelper.swift */ = {isa = PBXFileReference; fileEncoding = 4; lastKnownFileType = sourcecode.swift; name = SnapshotHelper.swift; path = RoutinesUITests/SnapshotHelper.swift; sourceTree = SOURCE_ROOT; };
		F8AC82DE2198B4CD00E946E6 /* DateExtension.swift */ = {isa = PBXFileReference; lastKnownFileType = sourcecode.swift; path = DateExtension.swift; sourceTree = "<group>"; };
		F8ACD4632269F89100E136E9 /* IAPHandler.swift */ = {isa = PBXFileReference; lastKnownFileType = sourcecode.swift; path = IAPHandler.swift; sourceTree = "<group>"; };
		F8B30786219C0DAB00437AAA /* Themes.swift */ = {isa = PBXFileReference; lastKnownFileType = sourcecode.swift; path = Themes.swift; sourceTree = "<group>"; };
		F8B30788219C13B500437AAA /* GlobalPicker.swift */ = {isa = PBXFileReference; lastKnownFileType = sourcecode.swift; path = GlobalPicker.swift; sourceTree = "<group>"; };
		F8B5B7D42286C0ED0024FC2B /* SwiftMessagesAlertsController.swift */ = {isa = PBXFileReference; lastKnownFileType = sourcecode.swift; path = SwiftMessagesAlertsController.swift; sourceTree = "<group>"; };
		F8B831B42155CBB000DAF60E /* Routines.app */ = {isa = PBXFileReference; explicitFileType = wrapper.application; includeInIndex = 0; path = Routines.app; sourceTree = BUILT_PRODUCTS_DIR; };
		F8B831B72155CBB000DAF60E /* AppDelegate.swift */ = {isa = PBXFileReference; lastKnownFileType = sourcecode.swift; path = AppDelegate.swift; sourceTree = "<group>"; };
		F8B831BC2155CBB000DAF60E /* Base */ = {isa = PBXFileReference; lastKnownFileType = file.storyboard; name = Base; path = Base.lproj/Main.storyboard; sourceTree = "<group>"; };
		F8B831C12155CBB100DAF60E /* Base */ = {isa = PBXFileReference; lastKnownFileType = file.storyboard; name = Base; path = Base.lproj/LaunchScreen.storyboard; sourceTree = "<group>"; };
		F8B831C32155CBB100DAF60E /* Info.plist */ = {isa = PBXFileReference; lastKnownFileType = text.plist.xml; path = Info.plist; sourceTree = "<group>"; };
		F8B831CC2155CBE300DAF60E /* Items.swift */ = {isa = PBXFileReference; lastKnownFileType = sourcecode.swift; path = Items.swift; sourceTree = "<group>"; };
		F8BB9997229A79D300E14A74 /* SectionedNotificationTokenBlock.swift */ = {isa = PBXFileReference; lastKnownFileType = sourcecode.swift; path = SectionedNotificationTokenBlock.swift; sourceTree = "<group>"; };
		F8C3EC97228D673F0027AFEB /* UIImageExtension.swift */ = {isa = PBXFileReference; lastKnownFileType = sourcecode.swift; path = UIImageExtension.swift; sourceTree = "<group>"; };
		F8CBBA5621A9058D00A4FFFD /* TaskTableViewCell.swift */ = {isa = PBXFileReference; lastKnownFileType = sourcecode.swift; path = TaskTableViewCell.swift; sourceTree = "<group>"; };
		F8CBBA5821A93EB600A4FFFD /* RepeatTableViewController.swift */ = {isa = PBXFileReference; lastKnownFileType = sourcecode.swift; path = RepeatTableViewController.swift; sourceTree = "<group>"; };
		F8CCE20C2288E17E00BAAFEC /* RoutinesPlus.swift */ = {isa = PBXFileReference; lastKnownFileType = sourcecode.swift; path = RoutinesPlus.swift; sourceTree = "<group>"; };
		F8CE29C522714E9A00CD9BAE /* UIColorExtensions.swift */ = {isa = PBXFileReference; lastKnownFileType = sourcecode.swift; path = UIColorExtensions.swift; sourceTree = "<group>"; };
		F8D5DB482269AC59005857F2 /* NetworkActivityIndicatorManager.swift */ = {isa = PBXFileReference; lastKnownFileType = sourcecode.swift; path = NetworkActivityIndicatorManager.swift; sourceTree = "<group>"; };
		F8D5DB522269BCAD005857F2 /* ViewControllerExtension.swift */ = {isa = PBXFileReference; lastKnownFileType = sourcecode.swift; path = ViewControllerExtension.swift; sourceTree = "<group>"; };
		F8DAE74B21E1576E00014994 /* DailyTableViewController.swift */ = {isa = PBXFileReference; lastKnownFileType = sourcecode.swift; path = DailyTableViewController.swift; sourceTree = "<group>"; };
		F8E031852269C410002C2E32 /* AppStrings.swift */ = {isa = PBXFileReference; lastKnownFileType = sourcecode.swift; path = AppStrings.swift; sourceTree = "<group>"; };
		F8F2784D2187C36300D2AC46 /* AboutTableViewController.swift */ = {isa = PBXFileReference; lastKnownFileType = sourcecode.swift; path = AboutTableViewController.swift; sourceTree = "<group>"; };
		F8F2784F2187C82B00D2AC46 /* AboutTableViewCell.swift */ = {isa = PBXFileReference; lastKnownFileType = sourcecode.swift; path = AboutTableViewCell.swift; sourceTree = "<group>"; };
		F8F3270D215C8509004AC619 /* Media.xcassets */ = {isa = PBXFileReference; lastKnownFileType = folder.assetcatalog; path = Media.xcassets; sourceTree = "<group>"; };
		F8FF259122085A180063295F /* Pods.xcodeproj */ = {isa = PBXFileReference; lastKnownFileType = "wrapper.pb-project"; name = Pods.xcodeproj; path = Pods/Pods.xcodeproj; sourceTree = "<group>"; };
/* End PBXFileReference section */

/* Begin PBXFrameworksBuildPhase section */
		F86E0ABC2297FA5400BB53D6 /* Frameworks */ = {
			isa = PBXFrameworksBuildPhase;
			buildActionMask = 2147483647;
			files = (
			);
			runOnlyForDeploymentPostprocessing = 0;
		};
		F8B831B12155CBB000DAF60E /* Frameworks */ = {
			isa = PBXFrameworksBuildPhase;
			buildActionMask = 2147483647;
			files = (
				F802FC982254C3E10054CF22 /* CloudKit.framework in Frameworks */,
				F81194F72267D8E0002E8E7A /* StoreKit.framework in Frameworks */,
				F8FF25A922085A2C0063295F /* Realm.framework in Frameworks */,
				F8FF25AA22085A2C0063295F /* RealmSwift.framework in Frameworks */,
				F8FF25AB22085A2C0063295F /* SwiftMessages.framework in Frameworks */,
				F8FF25AC22085A2C0063295F /* SwiftTheme.framework in Frameworks */,
				48F3D6D2511848713C7E22B4 /* Pods_Routines.framework in Frameworks */,
			);
			runOnlyForDeploymentPostprocessing = 0;
		};
/* End PBXFrameworksBuildPhase section */

/* Begin PBXGroup section */
		245142063868388EBE73944F /* Pods */ = {
			isa = PBXGroup;
			children = (
				7C31E184B7FAFDEB3909195D /* Pods-Routines.debug.xcconfig */,
				1C4126E717B9FCD14405BD4F /* Pods-Routines.beta.xcconfig */,
				32A843A161C46188A77A3338 /* Pods-Routines.release.xcconfig */,
			);
			path = Pods;
			sourceTree = "<group>";
		};
		6049E5BF6B515664E2AA6A8D /* Frameworks */ = {
			isa = PBXGroup;
			children = (
				F81194F62267D8E0002E8E7A /* StoreKit.framework */,
				F8A761F022580AB400FB9654 /* CloudKit.framework */,
				F802FC972254C3E10054CF22 /* CloudKit.framework */,
				F8FF259122085A180063295F /* Pods.xcodeproj */,
				44177D9A47DC4A4891DA7C33 /* Pods_Routines.framework */,
			);
			name = Frameworks;
			sourceTree = "<group>";
		};
		F807D3D22160A06600FF36D9 /* Options */ = {
			isa = PBXGroup;
			children = (
				F807D3CE2160964E00FF36D9 /* OptionsTableViewController.swift */,
				F807D3D02160A05600FF36D9 /* CustomTimesTableViewController.swift */,
				F8F2784D2187C36300D2AC46 /* AboutTableViewController.swift */,
				F8F2784F2187C82B00D2AC46 /* AboutTableViewCell.swift */,
				F8352C52227F9EC000FEDBC4 /* AutomaticDarkModeTableViewController.swift */,
				F896D96E22802E5B0005C899 /* AutomaticDarkModeTimer.swift */,
				F8A8B2E1228356F9005C9E56 /* AfterSyncTimer.swift */,
			);
			path = Options;
			sourceTree = "<group>";
		};
		F84681FC21868C2A00BE3E19 /* Other */ = {
			isa = PBXGroup;
			children = (
				F8AC82DE2198B4CD00E946E6 /* DateExtension.swift */,
				F81194FA2267F875002E8E7A /* SKProductPriceExtension.swift */,
				F87D49EE2269AA1700845E0D /* AppSecrets.swift */,
				F8D5DB522269BCAD005857F2 /* ViewControllerExtension.swift */,
				F8E031852269C410002C2E32 /* AppStrings.swift */,
				F8ACD4632269F89100E136E9 /* IAPHandler.swift */,
				F8CE29C522714E9A00CD9BAE /* UIColorExtensions.swift */,
				F8C3EC97228D673F0027AFEB /* UIImageExtension.swift */,
				F81224C7229417E400AEED90 /* SimulatorData.swift */,
				F8BB9997229A79D300E14A74 /* SectionedNotificationTokenBlock.swift */,
			);
			path = Other;
			sourceTree = "<group>";
		};
		F86E0AC02297FA5400BB53D6 /* RoutinesUITests */ = {
			isa = PBXGroup;
			children = (
				F8A9B0A222842BC20043E43A /* SnapshotHelper.swift */,
				F86E0AC12297FA5400BB53D6 /* RoutinesUITests.swift */,
				F86E0AC32297FA5400BB53D6 /* Info.plist */,
			);
			path = RoutinesUITests;
			sourceTree = "<group>";
		};
		F8B831AB2155CBB000DAF60E = {
			isa = PBXGroup;
			children = (
				F8B831B62155CBB000DAF60E /* Routines */,
				F86E0AC02297FA5400BB53D6 /* RoutinesUITests */,
				F8B831B52155CBB000DAF60E /* Products */,
				6049E5BF6B515664E2AA6A8D /* Frameworks */,
				245142063868388EBE73944F /* Pods */,
			);
			sourceTree = "<group>";
		};
		F8B831B52155CBB000DAF60E /* Products */ = {
			isa = PBXGroup;
			children = (
				F8B831B42155CBB000DAF60E /* Routines.app */,
				F86E0ABF2297FA5400BB53D6 /* RoutinesUITests.xctest */,
			);
			name = Products;
			sourceTree = "<group>";
		};
		F8B831B62155CBB000DAF60E /* Routines */ = {
			isa = PBXGroup;
			children = (
				F802FC962254C3D60054CF22 /* Routines.entitlements */,
				F8B831B72155CBB000DAF60E /* AppDelegate.swift */,
				F8B30786219C0DAB00437AAA /* Themes.swift */,
				F8B30788219C13B500437AAA /* GlobalPicker.swift */,
				F8B831CB2155CBD000DAF60E /* Models */,
				F8B831C92155CBBD00DAF60E /* Controllers */,
				F8B831CA2155CBC700DAF60E /* Views */,
				F84681FC21868C2A00BE3E19 /* Other */,
				F8B831C02155CBB100DAF60E /* LaunchScreen.storyboard */,
				F8B831C32155CBB100DAF60E /* Info.plist */,
				F8F3270D215C8509004AC619 /* Media.xcassets */,
				F8D5DB482269AC59005857F2 /* NetworkActivityIndicatorManager.swift */,
			);
			path = Routines;
			sourceTree = "<group>";
		};
		F8B831C92155CBBD00DAF60E /* Controllers */ = {
			isa = PBXGroup;
			children = (
				F807D3D22160A06600FF36D9 /* Options */,
				F816DB332155CFBA009C6907 /* TaskTableViewController.swift */,
				F8CBBA5621A9058D00A4FFFD /* TaskTableViewCell.swift */,
				F82770D221585D3000420C50 /* AddTableViewController.swift */,
				F8CBBA5821A93EB600A4FFFD /* RepeatTableViewController.swift */,
				F8DAE74B21E1576E00014994 /* DailyTableViewController.swift */,
				F85D2A89227036CF009CE6CE /* RoutinesPlusViewController.swift */,
				F85D2A8B22703892009CE6CE /* iAPSegue.swift */,
				F8B5B7D42286C0ED0024FC2B /* SwiftMessagesAlertsController.swift */,
			);
			path = Controllers;
			sourceTree = "<group>";
		};
		F8B831CA2155CBC700DAF60E /* Views */ = {
			isa = PBXGroup;
			children = (
				F8B831BB2155CBB000DAF60E /* Main.storyboard */,
			);
			path = Views;
			sourceTree = "<group>";
		};
		F8B831CB2155CBD000DAF60E /* Models */ = {
			isa = PBXGroup;
			children = (
				F8B831CC2155CBE300DAF60E /* Items.swift */,
				F807D3CC216073E300FF36D9 /* Options.swift */,
				F8CCE20C2288E17E00BAAFEC /* RoutinesPlus.swift */,
			);
			path = Models;
			sourceTree = "<group>";
		};
		F8FF259222085A180063295F /* Products */ = {
			isa = PBXGroup;
			children = (
				F8227D0A225B1CF9005AE175 /* IceCream.framework */,
				F8FF259C22085A180063295F /* Pods_Routines.framework */,
				F8FF259E22085A180063295F /* Realm.framework */,
				F8FF25A022085A180063295F /* RealmSwift.framework */,
				F8B5C7B8228470C900FA088E /* SimulatorStatusMagic.framework */,
				F8FF25A222085A180063295F /* SwiftMessages.framework */,
				F8FF25A422085A180063295F /* SwiftMessages.bundle */,
				F8FF25A622085A180063295F /* SwiftTheme.framework */,
				F87D49F92269AA1800845E0D /* SwiftyStoreKit.framework */,
			);
			name = Products;
			sourceTree = "<group>";
		};
/* End PBXGroup section */

/* Begin PBXNativeTarget section */
		F86E0ABE2297FA5400BB53D6 /* RoutinesUITests */ = {
			isa = PBXNativeTarget;
			buildConfigurationList = F86E0AC62297FA5400BB53D6 /* Build configuration list for PBXNativeTarget "RoutinesUITests" */;
			buildPhases = (
				F86E0ABB2297FA5400BB53D6 /* Sources */,
				F86E0ABC2297FA5400BB53D6 /* Frameworks */,
				F86E0ABD2297FA5400BB53D6 /* Resources */,
			);
			buildRules = (
			);
			dependencies = (
				F86E0AC52297FA5400BB53D6 /* PBXTargetDependency */,
			);
			name = RoutinesUITests;
			productName = RoutinesUITests;
			productReference = F86E0ABF2297FA5400BB53D6 /* RoutinesUITests.xctest */;
			productType = "com.apple.product-type.bundle.ui-testing";
		};
		F8B831B32155CBB000DAF60E /* Routines */ = {
			isa = PBXNativeTarget;
			buildConfigurationList = F8B831C62155CBB100DAF60E /* Build configuration list for PBXNativeTarget "Routines" */;
			buildPhases = (
				9D647B7A868F5B38CFD4B290 /* [CP] Check Pods Manifest.lock */,
				F8B831B02155CBB000DAF60E /* Sources */,
				F8B831B12155CBB000DAF60E /* Frameworks */,
				F8B831B22155CBB000DAF60E /* Resources */,
				F888607E2182757300FDF808 /* Increment Build */,
				F890109821F9A5FB00ED2002 /* SwiftFormat */,
				F591E4EC276D652ABE787F82 /* [CP] Embed Pods Frameworks */,
			);
			buildRules = (
			);
			dependencies = (
			);
			name = Routines;
			productName = Routines;
			productReference = F8B831B42155CBB000DAF60E /* Routines.app */;
			productType = "com.apple.product-type.application";
		};
/* End PBXNativeTarget section */

/* Begin PBXProject section */
		F8B831AC2155CBB000DAF60E /* Project object */ = {
			isa = PBXProject;
			attributes = {
				LastSwiftUpdateCheck = 1020;
				LastUpgradeCheck = 1000;
				ORGANIZATIONNAME = "Donavon Buchanan";
				TargetAttributes = {
					F86E0ABE2297FA5400BB53D6 = {
						CreatedOnToolsVersion = 10.2.1;
						ProvisioningStyle = Automatic;
						TestTargetID = F8B831B32155CBB000DAF60E;
					};
					F8B831B32155CBB000DAF60E = {
						CreatedOnToolsVersion = 10.0;
						LastSwiftMigration = 1020;
						ProvisioningStyle = Automatic;
						SystemCapabilities = {
							com.apple.BackgroundModes = {
								enabled = 1;
							};
							com.apple.InAppPurchase = {
								enabled = 1;
							};
							com.apple.Push = {
								enabled = 1;
							};
							com.apple.iCloud = {
								enabled = 1;
							};
						};
					};
				};
			};
			buildConfigurationList = F8B831AF2155CBB000DAF60E /* Build configuration list for PBXProject "Routines" */;
			compatibilityVersion = "Xcode 8.0";
			developmentRegion = en;
			hasScannedForEncodings = 0;
			knownRegions = (
				en,
				Base,
			);
			mainGroup = F8B831AB2155CBB000DAF60E;
			productRefGroup = F8B831B52155CBB000DAF60E /* Products */;
			projectDirPath = "";
			projectReferences = (
				{
					ProductGroup = F8FF259222085A180063295F /* Products */;
					ProjectRef = F8FF259122085A180063295F /* Pods.xcodeproj */;
				},
			);
			projectRoot = "";
			targets = (
				F8B831B32155CBB000DAF60E /* Routines */,
				F86E0ABE2297FA5400BB53D6 /* RoutinesUITests */,
			);
		};
/* End PBXProject section */

/* Begin PBXReferenceProxy section */
		F8227D0A225B1CF9005AE175 /* IceCream.framework */ = {
			isa = PBXReferenceProxy;
			fileType = wrapper.framework;
			path = IceCream.framework;
			remoteRef = F8227D09225B1CF9005AE175 /* PBXContainerItemProxy */;
			sourceTree = BUILT_PRODUCTS_DIR;
		};
		F87D49F92269AA1800845E0D /* SwiftyStoreKit.framework */ = {
			isa = PBXReferenceProxy;
			fileType = wrapper.framework;
			path = SwiftyStoreKit.framework;
			remoteRef = F87D49F82269AA1800845E0D /* PBXContainerItemProxy */;
			sourceTree = BUILT_PRODUCTS_DIR;
		};
		F8B5C7B8228470C900FA088E /* SimulatorStatusMagic.framework */ = {
			isa = PBXReferenceProxy;
			fileType = wrapper.framework;
			path = SimulatorStatusMagic.framework;
			remoteRef = F8B5C7B7228470C900FA088E /* PBXContainerItemProxy */;
			sourceTree = BUILT_PRODUCTS_DIR;
		};
		F8FF259C22085A180063295F /* Pods_Routines.framework */ = {
			isa = PBXReferenceProxy;
			fileType = wrapper.framework;
			path = Pods_Routines.framework;
			remoteRef = F8FF259B22085A180063295F /* PBXContainerItemProxy */;
			sourceTree = BUILT_PRODUCTS_DIR;
		};
		F8FF259E22085A180063295F /* Realm.framework */ = {
			isa = PBXReferenceProxy;
			fileType = wrapper.framework;
			path = Realm.framework;
			remoteRef = F8FF259D22085A180063295F /* PBXContainerItemProxy */;
			sourceTree = BUILT_PRODUCTS_DIR;
		};
		F8FF25A022085A180063295F /* RealmSwift.framework */ = {
			isa = PBXReferenceProxy;
			fileType = wrapper.framework;
			path = RealmSwift.framework;
			remoteRef = F8FF259F22085A180063295F /* PBXContainerItemProxy */;
			sourceTree = BUILT_PRODUCTS_DIR;
		};
		F8FF25A222085A180063295F /* SwiftMessages.framework */ = {
			isa = PBXReferenceProxy;
			fileType = wrapper.framework;
			path = SwiftMessages.framework;
			remoteRef = F8FF25A122085A180063295F /* PBXContainerItemProxy */;
			sourceTree = BUILT_PRODUCTS_DIR;
		};
		F8FF25A422085A180063295F /* SwiftMessages.bundle */ = {
			isa = PBXReferenceProxy;
			fileType = wrapper.cfbundle;
			path = SwiftMessages.bundle;
			remoteRef = F8FF25A322085A180063295F /* PBXContainerItemProxy */;
			sourceTree = BUILT_PRODUCTS_DIR;
		};
		F8FF25A622085A180063295F /* SwiftTheme.framework */ = {
			isa = PBXReferenceProxy;
			fileType = wrapper.framework;
			path = SwiftTheme.framework;
			remoteRef = F8FF25A522085A180063295F /* PBXContainerItemProxy */;
			sourceTree = BUILT_PRODUCTS_DIR;
		};
/* End PBXReferenceProxy section */

/* Begin PBXResourcesBuildPhase section */
		F86E0ABD2297FA5400BB53D6 /* Resources */ = {
			isa = PBXResourcesBuildPhase;
			buildActionMask = 2147483647;
			files = (
			);
			runOnlyForDeploymentPostprocessing = 0;
		};
		F8B831B22155CBB000DAF60E /* Resources */ = {
			isa = PBXResourcesBuildPhase;
			buildActionMask = 2147483647;
			files = (
				F8B831C22155CBB100DAF60E /* LaunchScreen.storyboard in Resources */,
				F8F3270E215C8509004AC619 /* Media.xcassets in Resources */,
				F8B831BD2155CBB000DAF60E /* Main.storyboard in Resources */,
			);
			runOnlyForDeploymentPostprocessing = 0;
		};
/* End PBXResourcesBuildPhase section */

/* Begin PBXShellScriptBuildPhase section */
		9D647B7A868F5B38CFD4B290 /* [CP] Check Pods Manifest.lock */ = {
			isa = PBXShellScriptBuildPhase;
			buildActionMask = 2147483647;
			files = (
			);
			inputFileListPaths = (
			);
			inputPaths = (
				"${PODS_PODFILE_DIR_PATH}/Podfile.lock",
				"${PODS_ROOT}/Manifest.lock",
			);
			name = "[CP] Check Pods Manifest.lock";
			outputFileListPaths = (
			);
			outputPaths = (
				"$(DERIVED_FILE_DIR)/Pods-Routines-checkManifestLockResult.txt",
			);
			runOnlyForDeploymentPostprocessing = 0;
			shellPath = /bin/sh;
			shellScript = "diff \"${PODS_PODFILE_DIR_PATH}/Podfile.lock\" \"${PODS_ROOT}/Manifest.lock\" > /dev/null\nif [ $? != 0 ] ; then\n    # print error to STDERR\n    echo \"error: The sandbox is not in sync with the Podfile.lock. Run 'pod install' or update your CocoaPods installation.\" >&2\n    exit 1\nfi\n# This output is used by Xcode 'outputs' to avoid re-running this script phase.\necho \"SUCCESS\" > \"${SCRIPT_OUTPUT_FILE_0}\"\n";
			showEnvVarsInLog = 0;
		};
		F591E4EC276D652ABE787F82 /* [CP] Embed Pods Frameworks */ = {
			isa = PBXShellScriptBuildPhase;
			buildActionMask = 2147483647;
			files = (
			);
			inputFileListPaths = (
			);
			inputPaths = (
				"${PODS_ROOT}/Target Support Files/Pods-Routines/Pods-Routines-frameworks.sh",
				"${BUILT_PRODUCTS_DIR}/Realm/Realm.framework",
				"${BUILT_PRODUCTS_DIR}/RealmSwift/RealmSwift.framework",
				"${BUILT_PRODUCTS_DIR}/SimulatorStatusMagic/SimulatorStatusMagic.framework",
				"${BUILT_PRODUCTS_DIR}/SwiftMessages/SwiftMessages.framework",
				"${BUILT_PRODUCTS_DIR}/SwiftTheme/SwiftTheme.framework",
				"${BUILT_PRODUCTS_DIR}/SwiftyStoreKit/SwiftyStoreKit.framework",
			);
			name = "[CP] Embed Pods Frameworks";
			outputFileListPaths = (
			);
			outputPaths = (
				"${TARGET_BUILD_DIR}/${FRAMEWORKS_FOLDER_PATH}/Realm.framework",
				"${TARGET_BUILD_DIR}/${FRAMEWORKS_FOLDER_PATH}/RealmSwift.framework",
				"${TARGET_BUILD_DIR}/${FRAMEWORKS_FOLDER_PATH}/SimulatorStatusMagic.framework",
				"${TARGET_BUILD_DIR}/${FRAMEWORKS_FOLDER_PATH}/SwiftMessages.framework",
				"${TARGET_BUILD_DIR}/${FRAMEWORKS_FOLDER_PATH}/SwiftTheme.framework",
				"${TARGET_BUILD_DIR}/${FRAMEWORKS_FOLDER_PATH}/SwiftyStoreKit.framework",
			);
			runOnlyForDeploymentPostprocessing = 0;
			shellPath = /bin/sh;
			shellScript = "\"${PODS_ROOT}/Target Support Files/Pods-Routines/Pods-Routines-frameworks.sh\"\n";
			showEnvVarsInLog = 0;
		};
		F888607E2182757300FDF808 /* Increment Build */ = {
			isa = PBXShellScriptBuildPhase;
			buildActionMask = 2147483647;
			files = (
			);
			inputPaths = (
			);
			name = "Increment Build";
			outputPaths = (
			);
			runOnlyForDeploymentPostprocessing = 0;
			shellPath = /bin/sh;
			shellScript = "# Type a script or drag a script file from your workspace to insert its path.\n# Source: https://stackoverflow.com/a/17445909\nbuildNumber=$(/usr/libexec/PlistBuddy -c \"Print CFBundleVersion\" \"$INFOPLIST_FILE\")\nbuildNumber=$(echo $buildNumber | sed 's/0*//')\nbuildNumber=$(($buildNumber + 1))\nbuildNumber=$(printf \"%04d\" $buildNumber)\n/usr/libexec/PlistBuddy -c \"Set :CFBundleVersion $buildNumber\" \"$INFOPLIST_FILE\"\n";
		};
		F890109821F9A5FB00ED2002 /* SwiftFormat */ = {
			isa = PBXShellScriptBuildPhase;
			buildActionMask = 2147483647;
			files = (
			);
			inputFileListPaths = (
			);
			inputPaths = (
			);
			name = SwiftFormat;
			outputFileListPaths = (
			);
			outputPaths = (
			);
			runOnlyForDeploymentPostprocessing = 0;
			shellPath = /bin/sh;
			shellScript = "# Type a script or drag a script file from your workspace to insert its path.\nif which swiftformat >/dev/null; then\nswiftformat . --exclude Pods,Generated,/Users/donavon/Developer/Projects/Routines/fastlane/*,/Users/donavon/Developer/Projects/Routines/RoutinesUITests --swiftversion 5\nelse\necho \"warning: SwiftFormat not installed, download from https://github.com/nicklockwood/SwiftFormat\"\nfi\n";
		};
/* End PBXShellScriptBuildPhase section */

/* Begin PBXSourcesBuildPhase section */
		F86E0ABB2297FA5400BB53D6 /* Sources */ = {
			isa = PBXSourcesBuildPhase;
			buildActionMask = 2147483647;
			files = (
				F86E0AC22297FA5400BB53D6 /* RoutinesUITests.swift in Sources */,
				F86E0ACA2297FAA400BB53D6 /* SnapshotHelper.swift in Sources */,
			);
			runOnlyForDeploymentPostprocessing = 0;
		};
		F8B831B02155CBB000DAF60E /* Sources */ = {
			isa = PBXSourcesBuildPhase;
			buildActionMask = 2147483647;
			files = (
				F8B5B7D52286C0ED0024FC2B /* SwiftMessagesAlertsController.swift in Sources */,
				F8B831CD2155CBE300DAF60E /* Items.swift in Sources */,
				F8F278502187C82B00D2AC46 /* AboutTableViewCell.swift in Sources */,
				F8DAE74C21E1576E00014994 /* DailyTableViewController.swift in Sources */,
				F85D2A8C22703892009CE6CE /* iAPSegue.swift in Sources */,
				F8FE52202296929000929DA3 /* AppSecrets.swift in Sources */,
				F8F2784E2187C36300D2AC46 /* AboutTableViewController.swift in Sources */,
				F8E031862269C410002C2E32 /* AppStrings.swift in Sources */,
				F8D5DB492269AC59005857F2 /* NetworkActivityIndicatorManager.swift in Sources */,
				F81194FB2267F875002E8E7A /* SKProductPriceExtension.swift in Sources */,
				F81224C8229417E400AEED90 /* SimulatorData.swift in Sources */,
				F8AC82DF2198B4CD00E946E6 /* DateExtension.swift in Sources */,
				F896D96F22802E5B0005C899 /* AutomaticDarkModeTimer.swift in Sources */,
				F8CBBA5921A93EB600A4FFFD /* RepeatTableViewController.swift in Sources */,
				F8C3EC98228D673F0027AFEB /* UIImageExtension.swift in Sources */,
				F8B831B82155CBB000DAF60E /* AppDelegate.swift in Sources */,
				F8CCE20D2288E17E00BAAFEC /* RoutinesPlus.swift in Sources */,
				F8BB9998229A79D300E14A74 /* SectionedNotificationTokenBlock.swift in Sources */,
				F816DB342155CFBA009C6907 /* TaskTableViewController.swift in Sources */,
				F85D2A8A227036CF009CE6CE /* RoutinesPlusViewController.swift in Sources */,
				F8352C53227F9EC000FEDBC4 /* AutomaticDarkModeTableViewController.swift in Sources */,
				F807D3D12160A05600FF36D9 /* CustomTimesTableViewController.swift in Sources */,
				F82770D321585D3000420C50 /* AddTableViewController.swift in Sources */,
				F8CE29C622714E9A00CD9BAE /* UIColorExtensions.swift in Sources */,
				F8CBBA5721A9058D00A4FFFD /* TaskTableViewCell.swift in Sources */,
				F807D3CF2160964E00FF36D9 /* OptionsTableViewController.swift in Sources */,
				F8D5DB532269BCAD005857F2 /* ViewControllerExtension.swift in Sources */,
				F8B30789219C13B500437AAA /* GlobalPicker.swift in Sources */,
				F8ACD4642269F89100E136E9 /* IAPHandler.swift in Sources */,
				F807D3CD216073E300FF36D9 /* Options.swift in Sources */,
				F8B30787219C0DAB00437AAA /* Themes.swift in Sources */,
				F8A8B2E2228356F9005C9E56 /* AfterSyncTimer.swift in Sources */,
			);
			runOnlyForDeploymentPostprocessing = 0;
		};
/* End PBXSourcesBuildPhase section */

/* Begin PBXTargetDependency section */
		F86E0AC52297FA5400BB53D6 /* PBXTargetDependency */ = {
			isa = PBXTargetDependency;
			target = F8B831B32155CBB000DAF60E /* Routines */;
			targetProxy = F86E0AC42297FA5400BB53D6 /* PBXContainerItemProxy */;
		};
/* End PBXTargetDependency section */

/* Begin PBXVariantGroup section */
		F8B831BB2155CBB000DAF60E /* Main.storyboard */ = {
			isa = PBXVariantGroup;
			children = (
				F8B831BC2155CBB000DAF60E /* Base */,
			);
			name = Main.storyboard;
			sourceTree = "<group>";
		};
		F8B831C02155CBB100DAF60E /* LaunchScreen.storyboard */ = {
			isa = PBXVariantGroup;
			children = (
				F8B831C12155CBB100DAF60E /* Base */,
			);
			name = LaunchScreen.storyboard;
			sourceTree = "<group>";
		};
/* End PBXVariantGroup section */

/* Begin XCBuildConfiguration section */
		F86E0AC72297FA5400BB53D6 /* Debug */ = {
			isa = XCBuildConfiguration;
			buildSettings = {
				CODE_SIGN_STYLE = Automatic;
				DEVELOPMENT_TEAM = G8WL98TTBE;
				INFOPLIST_FILE = RoutinesUITests/Info.plist;
				IPHONEOS_DEPLOYMENT_TARGET = 12.2;
				LD_RUNPATH_SEARCH_PATHS = "$(inherited) @executable_path/Frameworks @loader_path/Frameworks";
				PRODUCT_BUNDLE_IDENTIFIER = app.donavon.RoutinesUITests;
				PRODUCT_NAME = "$(TARGET_NAME)";
				SWIFT_VERSION = 5.0;
				TARGETED_DEVICE_FAMILY = "1,2";
				TEST_TARGET_NAME = Routines;
			};
			name = Debug;
		};
		F86E0AC82297FA5400BB53D6 /* Beta */ = {
			isa = XCBuildConfiguration;
			buildSettings = {
				CODE_SIGN_STYLE = Automatic;
				DEVELOPMENT_TEAM = G8WL98TTBE;
				INFOPLIST_FILE = RoutinesUITests/Info.plist;
				IPHONEOS_DEPLOYMENT_TARGET = 12.2;
				LD_RUNPATH_SEARCH_PATHS = "$(inherited) @executable_path/Frameworks @loader_path/Frameworks";
				PRODUCT_BUNDLE_IDENTIFIER = app.donavon.RoutinesUITests;
				PRODUCT_NAME = "$(TARGET_NAME)";
				SWIFT_VERSION = 5.0;
				TARGETED_DEVICE_FAMILY = "1,2";
				TEST_TARGET_NAME = Routines;
			};
			name = Beta;
		};
		F86E0AC92297FA5400BB53D6 /* Release */ = {
			isa = XCBuildConfiguration;
			buildSettings = {
				CODE_SIGN_STYLE = Automatic;
				DEVELOPMENT_TEAM = G8WL98TTBE;
				INFOPLIST_FILE = RoutinesUITests/Info.plist;
				IPHONEOS_DEPLOYMENT_TARGET = 12.2;
				LD_RUNPATH_SEARCH_PATHS = "$(inherited) @executable_path/Frameworks @loader_path/Frameworks";
				PRODUCT_BUNDLE_IDENTIFIER = app.donavon.RoutinesUITests;
				PRODUCT_NAME = "$(TARGET_NAME)";
				SWIFT_VERSION = 5.0;
				TARGETED_DEVICE_FAMILY = "1,2";
				TEST_TARGET_NAME = Routines;
			};
			name = Release;
		};
		F870BF52228BB1CD0024C777 /* Beta */ = {
			isa = XCBuildConfiguration;
			buildSettings = {
				ALWAYS_SEARCH_USER_PATHS = NO;
				CLANG_ANALYZER_NONNULL = YES;
				CLANG_ANALYZER_NUMBER_OBJECT_CONVERSION = YES_AGGRESSIVE;
				CLANG_CXX_LANGUAGE_STANDARD = "gnu++14";
				CLANG_CXX_LIBRARY = "libc++";
				CLANG_ENABLE_MODULES = YES;
				CLANG_ENABLE_OBJC_ARC = YES;
				CLANG_ENABLE_OBJC_WEAK = YES;
				CLANG_WARN_BLOCK_CAPTURE_AUTORELEASING = YES;
				CLANG_WARN_BOOL_CONVERSION = YES;
				CLANG_WARN_COMMA = YES;
				CLANG_WARN_CONSTANT_CONVERSION = YES;
				CLANG_WARN_DEPRECATED_OBJC_IMPLEMENTATIONS = YES;
				CLANG_WARN_DIRECT_OBJC_ISA_USAGE = YES_ERROR;
				CLANG_WARN_DOCUMENTATION_COMMENTS = YES;
				CLANG_WARN_EMPTY_BODY = YES;
				CLANG_WARN_ENUM_CONVERSION = YES;
				CLANG_WARN_INFINITE_RECURSION = YES;
				CLANG_WARN_INT_CONVERSION = YES;
				CLANG_WARN_NON_LITERAL_NULL_CONVERSION = YES;
				CLANG_WARN_OBJC_IMPLICIT_RETAIN_SELF = YES;
				CLANG_WARN_OBJC_LITERAL_CONVERSION = YES;
				CLANG_WARN_OBJC_ROOT_CLASS = YES_ERROR;
				CLANG_WARN_RANGE_LOOP_ANALYSIS = YES;
				CLANG_WARN_STRICT_PROTOTYPES = YES;
				CLANG_WARN_SUSPICIOUS_MOVE = YES;
				CLANG_WARN_UNGUARDED_AVAILABILITY = YES_AGGRESSIVE;
				CLANG_WARN_UNREACHABLE_CODE = YES;
				CLANG_WARN__DUPLICATE_METHOD_MATCH = YES;
				CODE_SIGN_IDENTITY = "iPhone Developer";
				COPY_PHASE_STRIP = NO;
				DEBUG_INFORMATION_FORMAT = dwarf;
				ENABLE_STRICT_OBJC_MSGSEND = YES;
				ENABLE_TESTABILITY = YES;
				GCC_C_LANGUAGE_STANDARD = gnu11;
				GCC_DYNAMIC_NO_PIC = NO;
				GCC_NO_COMMON_BLOCKS = YES;
				GCC_OPTIMIZATION_LEVEL = 0;
				GCC_PREPROCESSOR_DEFINITIONS = (
					"DEBUG=1",
					"$(inherited)",
				);
				GCC_WARN_64_TO_32_BIT_CONVERSION = YES;
				GCC_WARN_ABOUT_RETURN_TYPE = YES_ERROR;
				GCC_WARN_UNDECLARED_SELECTOR = YES;
				GCC_WARN_UNINITIALIZED_AUTOS = YES_AGGRESSIVE;
				GCC_WARN_UNUSED_FUNCTION = YES;
				GCC_WARN_UNUSED_VARIABLE = YES;
				IPHONEOS_DEPLOYMENT_TARGET = 11.0;
				MTL_ENABLE_DEBUG_INFO = INCLUDE_SOURCE;
				MTL_FAST_MATH = YES;
				ONLY_ACTIVE_ARCH = YES;
				SDKROOT = iphoneos;
				SWIFT_ACTIVE_COMPILATION_CONDITIONS = DEBUG;
				SWIFT_OPTIMIZATION_LEVEL = "-Onone";
			};
			name = Beta;
		};
		F870BF53228BB1CD0024C777 /* Beta */ = {
			isa = XCBuildConfiguration;
			baseConfigurationReference = 1C4126E717B9FCD14405BD4F /* Pods-Routines.beta.xcconfig */;
			buildSettings = {
				APP_BUNDLE_ID = app.donavon.routines.beta;
				APP_DISPLAY_NAME = "Routines Beta";
				ASSETCATALOG_COMPILER_APPICON_NAME = "AppIcon-Beta";
				CODE_SIGN_ENTITLEMENTS = Routines/Routines.entitlements;
				CODE_SIGN_IDENTITY = "iPhone Developer";
				CODE_SIGN_STYLE = Automatic;
				DEVELOPMENT_TEAM = G8WL98TTBE;
				INFOPLIST_FILE = Routines/Info.plist;
				IPHONEOS_DEPLOYMENT_TARGET = 11.0;
				LD_RUNPATH_SEARCH_PATHS = "$(inherited) @executable_path/Frameworks";
				PRODUCT_BUNDLE_IDENTIFIER = "$(APP_BUNDLE_ID)";
				PRODUCT_NAME = "$(TARGET_NAME)";
				PROVISIONING_PROFILE_SPECIFIER = "";
				SWIFT_VERSION = 5.0;
				TARGETED_DEVICE_FAMILY = "1,2";
				VERSIONING_SYSTEM = "apple-generic";
			};
			name = Beta;
		};
		F8B831C42155CBB100DAF60E /* Debug */ = {
			isa = XCBuildConfiguration;
			buildSettings = {
				ALWAYS_SEARCH_USER_PATHS = NO;
				CLANG_ANALYZER_NONNULL = YES;
				CLANG_ANALYZER_NUMBER_OBJECT_CONVERSION = YES_AGGRESSIVE;
				CLANG_CXX_LANGUAGE_STANDARD = "gnu++14";
				CLANG_CXX_LIBRARY = "libc++";
				CLANG_ENABLE_MODULES = YES;
				CLANG_ENABLE_OBJC_ARC = YES;
				CLANG_ENABLE_OBJC_WEAK = YES;
				CLANG_WARN_BLOCK_CAPTURE_AUTORELEASING = YES;
				CLANG_WARN_BOOL_CONVERSION = YES;
				CLANG_WARN_COMMA = YES;
				CLANG_WARN_CONSTANT_CONVERSION = YES;
				CLANG_WARN_DEPRECATED_OBJC_IMPLEMENTATIONS = YES;
				CLANG_WARN_DIRECT_OBJC_ISA_USAGE = YES_ERROR;
				CLANG_WARN_DOCUMENTATION_COMMENTS = YES;
				CLANG_WARN_EMPTY_BODY = YES;
				CLANG_WARN_ENUM_CONVERSION = YES;
				CLANG_WARN_INFINITE_RECURSION = YES;
				CLANG_WARN_INT_CONVERSION = YES;
				CLANG_WARN_NON_LITERAL_NULL_CONVERSION = YES;
				CLANG_WARN_OBJC_IMPLICIT_RETAIN_SELF = YES;
				CLANG_WARN_OBJC_LITERAL_CONVERSION = YES;
				CLANG_WARN_OBJC_ROOT_CLASS = YES_ERROR;
				CLANG_WARN_RANGE_LOOP_ANALYSIS = YES;
				CLANG_WARN_STRICT_PROTOTYPES = YES;
				CLANG_WARN_SUSPICIOUS_MOVE = YES;
				CLANG_WARN_UNGUARDED_AVAILABILITY = YES_AGGRESSIVE;
				CLANG_WARN_UNREACHABLE_CODE = YES;
				CLANG_WARN__DUPLICATE_METHOD_MATCH = YES;
				CODE_SIGN_IDENTITY = "iPhone Developer";
				COPY_PHASE_STRIP = NO;
				DEBUG_INFORMATION_FORMAT = dwarf;
				ENABLE_STRICT_OBJC_MSGSEND = YES;
				ENABLE_TESTABILITY = YES;
				GCC_C_LANGUAGE_STANDARD = gnu11;
				GCC_DYNAMIC_NO_PIC = NO;
				GCC_NO_COMMON_BLOCKS = YES;
				GCC_OPTIMIZATION_LEVEL = 0;
				GCC_PREPROCESSOR_DEFINITIONS = (
					"DEBUG=1",
					"$(inherited)",
				);
				GCC_WARN_64_TO_32_BIT_CONVERSION = YES;
				GCC_WARN_ABOUT_RETURN_TYPE = YES_ERROR;
				GCC_WARN_UNDECLARED_SELECTOR = YES;
				GCC_WARN_UNINITIALIZED_AUTOS = YES_AGGRESSIVE;
				GCC_WARN_UNUSED_FUNCTION = YES;
				GCC_WARN_UNUSED_VARIABLE = YES;
				IPHONEOS_DEPLOYMENT_TARGET = 11.0;
				MTL_ENABLE_DEBUG_INFO = INCLUDE_SOURCE;
				MTL_FAST_MATH = YES;
				ONLY_ACTIVE_ARCH = YES;
				SDKROOT = iphoneos;
				SWIFT_ACTIVE_COMPILATION_CONDITIONS = DEBUG;
				SWIFT_OPTIMIZATION_LEVEL = "-Onone";
			};
			name = Debug;
		};
		F8B831C52155CBB100DAF60E /* Release */ = {
			isa = XCBuildConfiguration;
			buildSettings = {
				ALWAYS_SEARCH_USER_PATHS = NO;
				CLANG_ANALYZER_NONNULL = YES;
				CLANG_ANALYZER_NUMBER_OBJECT_CONVERSION = YES_AGGRESSIVE;
				CLANG_CXX_LANGUAGE_STANDARD = "gnu++14";
				CLANG_CXX_LIBRARY = "libc++";
				CLANG_ENABLE_MODULES = YES;
				CLANG_ENABLE_OBJC_ARC = YES;
				CLANG_ENABLE_OBJC_WEAK = YES;
				CLANG_WARN_BLOCK_CAPTURE_AUTORELEASING = YES;
				CLANG_WARN_BOOL_CONVERSION = YES;
				CLANG_WARN_COMMA = YES;
				CLANG_WARN_CONSTANT_CONVERSION = YES;
				CLANG_WARN_DEPRECATED_OBJC_IMPLEMENTATIONS = YES;
				CLANG_WARN_DIRECT_OBJC_ISA_USAGE = YES_ERROR;
				CLANG_WARN_DOCUMENTATION_COMMENTS = YES;
				CLANG_WARN_EMPTY_BODY = YES;
				CLANG_WARN_ENUM_CONVERSION = YES;
				CLANG_WARN_INFINITE_RECURSION = YES;
				CLANG_WARN_INT_CONVERSION = YES;
				CLANG_WARN_NON_LITERAL_NULL_CONVERSION = YES;
				CLANG_WARN_OBJC_IMPLICIT_RETAIN_SELF = YES;
				CLANG_WARN_OBJC_LITERAL_CONVERSION = YES;
				CLANG_WARN_OBJC_ROOT_CLASS = YES_ERROR;
				CLANG_WARN_RANGE_LOOP_ANALYSIS = YES;
				CLANG_WARN_STRICT_PROTOTYPES = YES;
				CLANG_WARN_SUSPICIOUS_MOVE = YES;
				CLANG_WARN_UNGUARDED_AVAILABILITY = YES_AGGRESSIVE;
				CLANG_WARN_UNREACHABLE_CODE = YES;
				CLANG_WARN__DUPLICATE_METHOD_MATCH = YES;
				CODE_SIGN_IDENTITY = "iPhone Developer";
				COPY_PHASE_STRIP = NO;
				DEBUG_INFORMATION_FORMAT = "dwarf-with-dsym";
				ENABLE_NS_ASSERTIONS = NO;
				ENABLE_STRICT_OBJC_MSGSEND = YES;
				GCC_C_LANGUAGE_STANDARD = gnu11;
				GCC_NO_COMMON_BLOCKS = YES;
				GCC_WARN_64_TO_32_BIT_CONVERSION = YES;
				GCC_WARN_ABOUT_RETURN_TYPE = YES_ERROR;
				GCC_WARN_UNDECLARED_SELECTOR = YES;
				GCC_WARN_UNINITIALIZED_AUTOS = YES_AGGRESSIVE;
				GCC_WARN_UNUSED_FUNCTION = YES;
				GCC_WARN_UNUSED_VARIABLE = YES;
				IPHONEOS_DEPLOYMENT_TARGET = 11.0;
				MTL_ENABLE_DEBUG_INFO = NO;
				MTL_FAST_MATH = YES;
				SDKROOT = iphoneos;
				SWIFT_OPTIMIZATION_LEVEL = "-Owholemodule";
				VALIDATE_PRODUCT = YES;
			};
			name = Release;
		};
		F8B831C72155CBB100DAF60E /* Debug */ = {
			isa = XCBuildConfiguration;
			baseConfigurationReference = 7C31E184B7FAFDEB3909195D /* Pods-Routines.debug.xcconfig */;
			buildSettings = {
				APP_BUNDLE_ID = com.donavonbuchanan.Routines;
				APP_DISPLAY_NAME = "Routines Debug";
				ASSETCATALOG_COMPILER_APPICON_NAME = AppIcon;
				CODE_SIGN_ENTITLEMENTS = Routines/Routines.entitlements;
				CODE_SIGN_IDENTITY = "iPhone Developer";
				CODE_SIGN_STYLE = Automatic;
				DEVELOPMENT_TEAM = G8WL98TTBE;
				INFOPLIST_FILE = Routines/Info.plist;
				IPHONEOS_DEPLOYMENT_TARGET = 11.0;
				LD_RUNPATH_SEARCH_PATHS = "$(inherited) @executable_path/Frameworks";
				PRODUCT_BUNDLE_IDENTIFIER = "$(APP_BUNDLE_ID)";
				PRODUCT_NAME = "$(TARGET_NAME)";
				PROVISIONING_PROFILE_SPECIFIER = "";
				SWIFT_VERSION = 5.0;
				TARGETED_DEVICE_FAMILY = "1,2";
				VERSIONING_SYSTEM = "apple-generic";
			};
			name = Debug;
		};
		F8B831C82155CBB100DAF60E /* Release */ = {
			isa = XCBuildConfiguration;
			baseConfigurationReference = 32A843A161C46188A77A3338 /* Pods-Routines.release.xcconfig */;
			buildSettings = {
				APP_BUNDLE_ID = com.donavonbuchanan.Routines;
				APP_DISPLAY_NAME = Routines;
				ASSETCATALOG_COMPILER_APPICON_NAME = AppIcon;
				CODE_SIGN_ENTITLEMENTS = Routines/Routines.entitlements;
				CODE_SIGN_IDENTITY = "iPhone Developer";
				CODE_SIGN_STYLE = Automatic;
				DEVELOPMENT_TEAM = G8WL98TTBE;
				INFOPLIST_FILE = Routines/Info.plist;
				IPHONEOS_DEPLOYMENT_TARGET = 11.0;
				LD_RUNPATH_SEARCH_PATHS = "$(inherited) @executable_path/Frameworks";
				PRODUCT_BUNDLE_IDENTIFIER = "$(APP_BUNDLE_ID)";
				PRODUCT_NAME = "$(TARGET_NAME)";
				PROVISIONING_PROFILE_SPECIFIER = "";
				SWIFT_VERSION = 5.0;
				TARGETED_DEVICE_FAMILY = "1,2";
				VERSIONING_SYSTEM = "apple-generic";
			};
			name = Release;
		};
/* End XCBuildConfiguration section */

/* Begin XCConfigurationList section */
		F86E0AC62297FA5400BB53D6 /* Build configuration list for PBXNativeTarget "RoutinesUITests" */ = {
			isa = XCConfigurationList;
			buildConfigurations = (
				F86E0AC72297FA5400BB53D6 /* Debug */,
				F86E0AC82297FA5400BB53D6 /* Beta */,
				F86E0AC92297FA5400BB53D6 /* Release */,
			);
			defaultConfigurationIsVisible = 0;
			defaultConfigurationName = Release;
		};
		F8B831AF2155CBB000DAF60E /* Build configuration list for PBXProject "Routines" */ = {
			isa = XCConfigurationList;
			buildConfigurations = (
				F8B831C42155CBB100DAF60E /* Debug */,
				F870BF52228BB1CD0024C777 /* Beta */,
				F8B831C52155CBB100DAF60E /* Release */,
			);
			defaultConfigurationIsVisible = 0;
			defaultConfigurationName = Release;
		};
		F8B831C62155CBB100DAF60E /* Build configuration list for PBXNativeTarget "Routines" */ = {
			isa = XCConfigurationList;
			buildConfigurations = (
				F8B831C72155CBB100DAF60E /* Debug */,
				F870BF53228BB1CD0024C777 /* Beta */,
				F8B831C82155CBB100DAF60E /* Release */,
			);
			defaultConfigurationIsVisible = 0;
			defaultConfigurationName = Release;
		};
/* End XCConfigurationList section */
	};
	rootObject = F8B831AC2155CBB000DAF60E /* Project object */;
}
