PODS:
  - Realm (3.12.0):
    - Realm/Headers (= 3.12.0)
  - Realm/Headers (3.12.0)
  - RealmSwift (3.12.0):
    - Realm (= 3.12.0)
  - SwiftTheme (0.4.3)
  - ViewAnimator (2.2.0)

DEPENDENCIES:
  - RealmSwift
  - SwiftTheme
  - ViewAnimator

SPEC REPOS:
  https://github.com/cocoapods/specs.git:
    - Realm
    - RealmSwift
    - SwiftTheme
    - ViewAnimator

SPEC CHECKSUMS:
  Realm: cdaef23c4ddb36ab1ddffed23f5a7f3332fc5585
  RealmSwift: 5576324033f0aa5ef1e0a839a3da2281dff47a7f
  SwiftTheme: 628345b948068a48d330d76dffb1a990ea5f90aa
  ViewAnimator: a849844cc3698620e1a562b510ed0c28aeafcdc5

PODFILE CHECKSUM: 9822610242b8b54470b986cc0a7515b8d46c473b

COCOAPODS: 1.5.2
