PODS:
  - IceCream (1.9.1):
    - RealmSwift
  - Realm (3.14.2):
    - Realm/Headers (= 3.14.2)
  - Realm/Headers (3.14.2)
  - RealmSwift (3.14.2):
    - Realm (= 3.14.2)
  - SwiftMessages (6.0.2):
    - SwiftMessages/App (= 6.0.2)
  - SwiftMessages/App (6.0.2)
  - SwiftTheme (0.4.4)
  - SwiftyStoreKit (0.15.0)

DEPENDENCIES:
  - IceCream
  - RealmSwift
  - SwiftMessages
  - SwiftTheme
  - SwiftyStoreKit

SPEC REPOS:
  https://github.com/cocoapods/specs.git:
    - IceCream
    - Realm
    - RealmSwift
    - SwiftMessages
    - SwiftTheme
    - SwiftyStoreKit

SPEC CHECKSUMS:
  IceCream: d33bee1ab1c7789afc838e34a439bbc60dd6eb00
  Realm: 179c6706e3a49dbfe112e572fd3c03d3169bea35
  RealmSwift: 1797f272fb51c555b764fada32e82159a2c65247
  SwiftMessages: 8b3cc68dba2f1c91aac1a74c90b10287aac35371
  SwiftTheme: a381f983da92153908b7a9eeb961b18b6d94d614
  SwiftyStoreKit: 033d06b6f87955405d3f844a18a7687c2438592a

PODFILE CHECKSUM: dea4071f7f3b7a18488cf88882a49152a5bf8719

COCOAPODS: 1.6.1
